
Microsoft Visual Studio Solution File, Format Version 10.00
# Visual Studio 2008
Project("{FAE04EC0-301F-11D3-BF4B-00C04F79EFBC}") = "ZIC", "ZIC\ZIC.csproj", "{3090F2AC-9C90-4B18-A2B0-61ACB8C691DB}"
EndProject
Project("{FAE04EC0-301F-11D3-BF4B-00C04F79EFBC}") = "AgentsCommon", "AgentsCommon\AgentsCommon.csproj", "{ACC33F9D-4765-47D0-8871-B4DB4E4DCB93}"
EndProject
Project("{FAE04EC0-301F-11D3-BF4B-00C04F79EFBC}") = "MDSClient", "..\MarketDataService\MDSClient\MDSClient.csproj", "{056CB5FD-8DA8-4F86-A542-E731A6B96535}"
EndProject
Project("{FAE04EC0-301F-11D3-BF4B-00C04F79EFBC}") = "Common", "..\Common\Common\Common.csproj", "{94DFBF2A-CA32-43BF-AEDE-0F358D434DB9}"
EndProject
Project("{FAE04EC0-301F-11D3-BF4B-00C04F79EFBC}") = "Messaging", "..\Messaging\Messaging.csproj", "{AE59EC13-F99D-4590-BADF-A0562B0D45CF}"
EndProject
Project("{FAE04EC0-301F-11D3-BF4B-00C04F79EFBC}") = "SSCommon", "..\SupplyService\SSCommon\SSCommon.csproj", "{540A4F78-E3DB-4757-9ADF-B45206F01354}"
EndProject
Project("{FAE04EC0-301F-11D3-BF4B-00C04F79EFBC}") = "OMCommon", "..\OrderManager\OMCommon\OMCommon.csproj", "{4708ACB6-1A8D-4F2F-B277-FFDCDA112BED}"
EndProject
Project("{FAE04EC0-301F-11D3-BF4B-00C04F79EFBC}") = "Storage", "..\Storage\Storage\Storage.csproj", "{FEC62711-35C8-427A-8A7B-02612B46CC8C}"
EndProject
Project("{FAE04EC0-301F-11D3-BF4B-00C04F79EFBC}") = "MDSCommon", "..\MarketDataService\MDSCommon\MDSCommon.csproj", "{7ED91285-26DE-4F34-8400-EAE058A8AB56}"
EndProject
Project("{FAE04EC0-301F-11D3-BF4B-00C04F79EFBC}") = "StaticData", "..\StaticData\StaticData.csproj", "{91265608-5D98-4987-AD0B-6A2B5CD09480}"
EndProject
Project("{FAE04EC0-301F-11D3-BF4B-00C04F79EFBC}") = "AgentHost", "AgentHost\AgentHost.csproj", "{B339F77E-5EF8-4DE0-B551-DC6B252B3AEC}"
EndProject
Project("{FAE04EC0-301F-11D3-BF4B-00C04F79EFBC}") = "ConfigClient", "..\Configuration\Client\ConfigClient.csproj", "{001D0DAA-D808-47C7-9ADF-17AF25E5EA90}"
EndProject
Project("{FAE04EC0-301F-11D3-BF4B-00C04F79EFBC}") = "ConfigCommon", "..\Configuration\Common\ConfigCommon.csproj", "{8920778D-69F0-4835-BC5F-35FFD0D17031}"
EndProject
Project("{FAE04EC0-301F-11D3-BF4B-00C04F79EFBC}") = "ZIP", "ZIP\ZIP.csproj", "{EC87A734-1989-48B7-B213-F2E63BF0A5A2}"
EndProject
Project("{FAE04EC0-301F-11D3-BF4B-00C04F79EFBC}") = "ShoutService", "..\ShoutService\ShoutService.csproj", "{1FA307DA-EF60-4180-AECA-CCEF2BF424F8}"
EndProject
Project("{FAE04EC0-301F-11D3-BF4B-00C04F79EFBC}") = "GD", "GD\GD.csproj", "{FDB33EDA-0DD0-467B-A9E5-C768CB5F8ED0}"
EndProject
Project("{FAE04EC0-301F-11D3-BF4B-00C04F79EFBC}") = "Sniper", "Sniper\Sniper.csproj", "{43E2CDB7-249D-487A-8402-871AAF871CD4}"
EndProject
Project("{FAE04EC0-301F-11D3-BF4B-00C04F79EFBC}") = "AA", "AA\AA.csproj", "{C924FAB5-0612-45A7-A614-F67C831DB44E}"
EndProject
Project("{FAE04EC0-301F-11D3-BF4B-00C04F79EFBC}") = "AssignmentService", "..\AssignmentService\AssignmentService\AssignmentService.csproj", "{4AA333DA-9FBD-45F5-A28A-DBD98E189127}"
EndProject
Project("{FAE04EC0-301F-11D3-BF4B-00C04F79EFBC}") = "GDX", "GDX\GDX.csproj", "{BA464522-3B37-4178-93BB-45752D6B5D2C}"
EndProject
Project("{FAE04EC0-301F-11D3-BF4B-00C04F79EFBC}") = "DWEAS", "..\AssignmentService\DWEAS\DWEAS.csproj", "{E68BEE47-85D2-48CB-8B7A-39D9ABAEE607}"
EndProject
Global
	GlobalSection(SolutionConfigurationPlatforms) = preSolution
		Debug|Any CPU = Debug|Any CPU
		Release|Any CPU = Release|Any CPU
	EndGlobalSection
	GlobalSection(ProjectConfigurationPlatforms) = postSolution
		{3090F2AC-9C90-4B18-A2B0-61ACB8C691DB}.Debug|Any CPU.ActiveCfg = Debug|Any CPU
		{3090F2AC-9C90-4B18-A2B0-61ACB8C691DB}.Debug|Any CPU.Build.0 = Debug|Any CPU
		{3090F2AC-9C90-4B18-A2B0-61ACB8C691DB}.Release|Any CPU.ActiveCfg = Release|Any CPU
		{3090F2AC-9C90-4B18-A2B0-61ACB8C691DB}.Release|Any CPU.Build.0 = Release|Any CPU
		{ACC33F9D-4765-47D0-8871-B4DB4E4DCB93}.Debug|Any CPU.ActiveCfg = Debug|Any CPU
		{ACC33F9D-4765-47D0-8871-B4DB4E4DCB93}.Debug|Any CPU.Build.0 = Debug|Any CPU
		{ACC33F9D-4765-47D0-8871-B4DB4E4DCB93}.Release|Any CPU.ActiveCfg = Release|Any CPU
		{ACC33F9D-4765-47D0-8871-B4DB4E4DCB93}.Release|Any CPU.Build.0 = Release|Any CPU
		{056CB5FD-8DA8-4F86-A542-E731A6B96535}.Debug|Any CPU.ActiveCfg = Debug|Any CPU
		{056CB5FD-8DA8-4F86-A542-E731A6B96535}.Debug|Any CPU.Build.0 = Debug|Any CPU
		{056CB5FD-8DA8-4F86-A542-E731A6B96535}.Release|Any CPU.ActiveCfg = Release|Any CPU
		{056CB5FD-8DA8-4F86-A542-E731A6B96535}.Release|Any CPU.Build.0 = Release|Any CPU
		{94DFBF2A-CA32-43BF-AEDE-0F358D434DB9}.Debug|Any CPU.ActiveCfg = Debug|Any CPU
		{94DFBF2A-CA32-43BF-AEDE-0F358D434DB9}.Debug|Any CPU.Build.0 = Debug|Any CPU
		{94DFBF2A-CA32-43BF-AEDE-0F358D434DB9}.Release|Any CPU.ActiveCfg = Release|Any CPU
		{94DFBF2A-CA32-43BF-AEDE-0F358D434DB9}.Release|Any CPU.Build.0 = Release|Any CPU
		{AE59EC13-F99D-4590-BADF-A0562B0D45CF}.Debug|Any CPU.ActiveCfg = Debug|Any CPU
		{AE59EC13-F99D-4590-BADF-A0562B0D45CF}.Debug|Any CPU.Build.0 = Debug|Any CPU
		{AE59EC13-F99D-4590-BADF-A0562B0D45CF}.Release|Any CPU.ActiveCfg = Release|Any CPU
		{AE59EC13-F99D-4590-BADF-A0562B0D45CF}.Release|Any CPU.Build.0 = Release|Any CPU
		{540A4F78-E3DB-4757-9ADF-B45206F01354}.Debug|Any CPU.ActiveCfg = Debug|Any CPU
		{540A4F78-E3DB-4757-9ADF-B45206F01354}.Debug|Any CPU.Build.0 = Debug|Any CPU
		{540A4F78-E3DB-4757-9ADF-B45206F01354}.Release|Any CPU.ActiveCfg = Release|Any CPU
		{540A4F78-E3DB-4757-9ADF-B45206F01354}.Release|Any CPU.Build.0 = Release|Any CPU
		{4708ACB6-1A8D-4F2F-B277-FFDCDA112BED}.Debug|Any CPU.ActiveCfg = Debug|Any CPU
		{4708ACB6-1A8D-4F2F-B277-FFDCDA112BED}.Debug|Any CPU.Build.0 = Debug|Any CPU
		{4708ACB6-1A8D-4F2F-B277-FFDCDA112BED}.Release|Any CPU.ActiveCfg = Release|Any CPU
		{4708ACB6-1A8D-4F2F-B277-FFDCDA112BED}.Release|Any CPU.Build.0 = Release|Any CPU
		{FEC62711-35C8-427A-8A7B-02612B46CC8C}.Debug|Any CPU.ActiveCfg = Debug|Any CPU
		{FEC62711-35C8-427A-8A7B-02612B46CC8C}.Debug|Any CPU.Build.0 = Debug|Any CPU
		{FEC62711-35C8-427A-8A7B-02612B46CC8C}.Release|Any CPU.ActiveCfg = Release|Any CPU
		{FEC62711-35C8-427A-8A7B-02612B46CC8C}.Release|Any CPU.Build.0 = Release|Any CPU
		{7ED91285-26DE-4F34-8400-EAE058A8AB56}.Debug|Any CPU.ActiveCfg = Debug|Any CPU
		{7ED91285-26DE-4F34-8400-EAE058A8AB56}.Debug|Any CPU.Build.0 = Debug|Any CPU
		{7ED91285-26DE-4F34-8400-EAE058A8AB56}.Release|Any CPU.ActiveCfg = Release|Any CPU
		{7ED91285-26DE-4F34-8400-EAE058A8AB56}.Release|Any CPU.Build.0 = Release|Any CPU
		{91265608-5D98-4987-AD0B-6A2B5CD09480}.Debug|Any CPU.ActiveCfg = Debug|Any CPU
		{91265608-5D98-4987-AD0B-6A2B5CD09480}.Debug|Any CPU.Build.0 = Debug|Any CPU
		{91265608-5D98-4987-AD0B-6A2B5CD09480}.Release|Any CPU.ActiveCfg = Release|Any CPU
		{91265608-5D98-4987-AD0B-6A2B5CD09480}.Release|Any CPU.Build.0 = Release|Any CPU
		{B339F77E-5EF8-4DE0-B551-DC6B252B3AEC}.Debug|Any CPU.ActiveCfg = Debug|Any CPU
		{B339F77E-5EF8-4DE0-B551-DC6B252B3AEC}.Debug|Any CPU.Build.0 = Debug|Any CPU
		{B339F77E-5EF8-4DE0-B551-DC6B252B3AEC}.Release|Any CPU.ActiveCfg = Release|Any CPU
		{B339F77E-5EF8-4DE0-B551-DC6B252B3AEC}.Release|Any CPU.Build.0 = Release|Any CPU
		{001D0DAA-D808-47C7-9ADF-17AF25E5EA90}.Debug|Any CPU.ActiveCfg = Debug|Any CPU
		{001D0DAA-D808-47C7-9ADF-17AF25E5EA90}.Debug|Any CPU.Build.0 = Debug|Any CPU
		{001D0DAA-D808-47C7-9ADF-17AF25E5EA90}.Release|Any CPU.ActiveCfg = Release|Any CPU
		{001D0DAA-D808-47C7-9ADF-17AF25E5EA90}.Release|Any CPU.Build.0 = Release|Any CPU
		{8920778D-69F0-4835-BC5F-35FFD0D17031}.Debug|Any CPU.ActiveCfg = Debug|Any CPU
		{8920778D-69F0-4835-BC5F-35FFD0D17031}.Debug|Any CPU.Build.0 = Debug|Any CPU
		{8920778D-69F0-4835-BC5F-35FFD0D17031}.Release|Any CPU.ActiveCfg = Release|Any CPU
		{8920778D-69F0-4835-BC5F-35FFD0D17031}.Release|Any CPU.Build.0 = Release|Any CPU
		{EC87A734-1989-48B7-B213-F2E63BF0A5A2}.Debug|Any CPU.ActiveCfg = Debug|Any CPU
		{EC87A734-1989-48B7-B213-F2E63BF0A5A2}.Debug|Any CPU.Build.0 = Debug|Any CPU
		{EC87A734-1989-48B7-B213-F2E63BF0A5A2}.Release|Any CPU.ActiveCfg = Release|Any CPU
		{EC87A734-1989-48B7-B213-F2E63BF0A5A2}.Release|Any CPU.Build.0 = Release|Any CPU
		{1FA307DA-EF60-4180-AECA-CCEF2BF424F8}.Debug|Any CPU.ActiveCfg = Debug|Any CPU
		{1FA307DA-EF60-4180-AECA-CCEF2BF424F8}.Debug|Any CPU.Build.0 = Debug|Any CPU
		{1FA307DA-EF60-4180-AECA-CCEF2BF424F8}.Release|Any CPU.ActiveCfg = Release|Any CPU
		{1FA307DA-EF60-4180-AECA-CCEF2BF424F8}.Release|Any CPU.Build.0 = Release|Any CPU
		{FDB33EDA-0DD0-467B-A9E5-C768CB5F8ED0}.Debug|Any CPU.ActiveCfg = Debug|Any CPU
		{FDB33EDA-0DD0-467B-A9E5-C768CB5F8ED0}.Debug|Any CPU.Build.0 = Debug|Any CPU
		{FDB33EDA-0DD0-467B-A9E5-C768CB5F8ED0}.Release|Any CPU.ActiveCfg = Release|Any CPU
		{FDB33EDA-0DD0-467B-A9E5-C768CB5F8ED0}.Release|Any CPU.Build.0 = Release|Any CPU
		{43E2CDB7-249D-487A-8402-871AAF871CD4}.Debug|Any CPU.ActiveCfg = Debug|Any CPU
		{43E2CDB7-249D-487A-8402-871AAF871CD4}.Debug|Any CPU.Build.0 = Debug|Any CPU
		{43E2CDB7-249D-487A-8402-871AAF871CD4}.Release|Any CPU.ActiveCfg = Release|Any CPU
		{43E2CDB7-249D-487A-8402-871AAF871CD4}.Release|Any CPU.Build.0 = Release|Any CPU
		{C924FAB5-0612-45A7-A614-F67C831DB44E}.Debug|Any CPU.ActiveCfg = Debug|Any CPU
		{C924FAB5-0612-45A7-A614-F67C831DB44E}.Debug|Any CPU.Build.0 = Debug|Any CPU
		{C924FAB5-0612-45A7-A614-F67C831DB44E}.Release|Any CPU.ActiveCfg = Release|Any CPU
		{C924FAB5-0612-45A7-A614-F67C831DB44E}.Release|Any CPU.Build.0 = Release|Any CPU
		{4AA333DA-9FBD-45F5-A28A-DBD98E189127}.Debug|Any CPU.ActiveCfg = Debug|Any CPU
		{4AA333DA-9FBD-45F5-A28A-DBD98E189127}.Debug|Any CPU.Build.0 = Debug|Any CPU
		{4AA333DA-9FBD-45F5-A28A-DBD98E189127}.Release|Any CPU.ActiveCfg = Release|Any CPU
		{4AA333DA-9FBD-45F5-A28A-DBD98E189127}.Release|Any CPU.Build.0 = Release|Any CPU
		{BA464522-3B37-4178-93BB-45752D6B5D2C}.Debug|Any CPU.ActiveCfg = Debug|Any CPU
		{BA464522-3B37-4178-93BB-45752D6B5D2C}.Debug|Any CPU.Build.0 = Debug|Any CPU
		{BA464522-3B37-4178-93BB-45752D6B5D2C}.Release|Any CPU.ActiveCfg = Release|Any CPU
		{BA464522-3B37-4178-93BB-45752D6B5D2C}.Release|Any CPU.Build.0 = Release|Any CPU
		{E68BEE47-85D2-48CB-8B7A-39D9ABAEE607}.Debug|Any CPU.ActiveCfg = Debug|Any CPU
		{E68BEE47-85D2-48CB-8B7A-39D9ABAEE607}.Debug|Any CPU.Build.0 = Debug|Any CPU
		{E68BEE47-85D2-48CB-8B7A-39D9ABAEE607}.Release|Any CPU.ActiveCfg = Release|Any CPU
		{E68BEE47-85D2-48CB-8B7A-39D9ABAEE607}.Release|Any CPU.Build.0 = Release|Any CPU
	EndGlobalSection
	GlobalSection(SolutionProperties) = preSolution
		HideSolutionNode = FALSE
	EndGlobalSection
EndGlobal
