
Microsoft Visual Studio Solution File, Format Version 10.00
# Visual Studio 2008
Project("{FAE04EC0-301F-11D3-BF4B-00C04F79EFBC}") = "TradeDataService", "TradeDataService.csproj", "{EFBD7064-3C59-4CD9-A55F-228CEA8846AB}"
EndProject
Project("{FAE04EC0-301F-11D3-BF4B-00C04F79EFBC}") = "Common", "..\Common\Common\Common.csproj", "{94DFBF2A-CA32-43BF-AEDE-0F358D434DB9}"
EndProject
Project("{FAE04EC0-301F-11D3-BF4B-00C04F79EFBC}") = "Messaging", "..\Messaging\Messaging.csproj", "{AE59EC13-F99D-4590-BADF-A0562B0D45CF}"
EndProject
Global
	GlobalSection(SolutionConfigurationPlatforms) = preSolution
		Debug|Any CPU = Debug|Any CPU
		Release|Any CPU = Release|Any CPU
	EndGlobalSection
	GlobalSection(ProjectConfigurationPlatforms) = postSolution
		{EFBD7064-3C59-4CD9-A55F-228CEA8846AB}.Debug|Any CPU.ActiveCfg = Debug|Any CPU
		{EFBD7064-3C59-4CD9-A55F-228CEA8846AB}.Debug|Any CPU.Build.0 = Debug|Any CPU
		{EFBD7064-3C59-4CD9-A55F-228CEA8846AB}.Release|Any CPU.ActiveCfg = Release|Any CPU
		{EFBD7064-3C59-4CD9-A55F-228CEA8846AB}.Release|Any CPU.Build.0 = Release|Any CPU
		{94DFBF2A-CA32-43BF-AEDE-0F358D434DB9}.Debug|Any CPU.ActiveCfg = Debug|Any CPU
		{94DFBF2A-CA32-43BF-AEDE-0F358D434DB9}.Debug|Any CPU.Build.0 = Debug|Any CPU
		{94DFBF2A-CA32-43BF-AEDE-0F358D434DB9}.Release|Any CPU.ActiveCfg = Release|Any CPU
		{94DFBF2A-CA32-43BF-AEDE-0F358D434DB9}.Release|Any CPU.Build.0 = Release|Any CPU
		{AE59EC13-F99D-4590-BADF-A0562B0D45CF}.Debug|Any CPU.ActiveCfg = Debug|Any CPU
		{AE59EC13-F99D-4590-BADF-A0562B0D45CF}.Debug|Any CPU.Build.0 = Debug|Any CPU
		{AE59EC13-F99D-4590-BADF-A0562B0D45CF}.Release|Any CPU.ActiveCfg = Release|Any CPU
		{AE59EC13-F99D-4590-BADF-A0562B0D45CF}.Release|Any CPU.Build.0 = Release|Any CPU
	EndGlobalSection
	GlobalSection(SolutionProperties) = preSolution
		HideSolutionNode = FALSE
	EndGlobalSection
EndGlobal
